
Microsoft Visual Studio Solution File, Format Version 12.00
# Visual Studio Version 17
VisualStudioVersion = 17.7.34024.191
MinimumVisualStudioVersion = 10.0.40219.1
Project("{2150E333-8FDC-42A3-9474-1A3956D46DE8}") = "libsrc", "libsrc", "{507E6B8F-9CA2-4573-8FC6-356AB3527DEF}"
EndProject
Project("{2150E333-8FDC-42A3-9474-1A3956D46DE8}") = "src", "src", "{9C809D22-14B1-415E-AAE7-F85521C7666B}"
EndProject
Project("{8BC9CEB8-8B4A-11D0-8D11-00A0C91BC942}") = "libzce", "..\libsrc\libzce\libzcemb.vcxproj", "{B0E3A37D-FAEC-4E20-9FED-1DF3728419A7}"
	ProjectSection(ProjectDependencies) = postProject
		{7E6565F8-DBD5-43D7-B682-E6D4E5A70844} = {7E6565F8-DBD5-43D7-B682-E6D4E5A70844}
	EndProjectSection
EndProject
Project("{8BC9CEB8-8B4A-11D0-8D11-00A0C91BC942}") = "libredis", "..\libsrc\libredis-win\libredis.vcxproj", "{0B88ACEC-C920-488D-9925-107CFD2CC263}"
EndProject
Project("{8BC9CEB8-8B4A-11D0-8D11-00A0C91BC942}") = "liblua", "..\libsrc\liblua\liblua.vcxproj", "{5EEF66B4-4A24-4748-8A00-807140BE8C57}"
EndProject
Project("{8BC9CEB8-8B4A-11D0-8D11-00A0C91BC942}") = "libzlib", "..\libsrc\libzlib\libzlib.vcxproj", "{FE46CDEE-9F31-3213-9381-689FDFA4F881}"
EndProject
Project("{8BC9CEB8-8B4A-11D0-8D11-00A0C91BC942}") = "libpbc", "..\libsrc\libpbc\pbc.vcxproj", "{82356F33-956B-4931-9977-BD7994B1C761}"
EndProject
Project("{8BC9CEB8-8B4A-11D0-8D11-00A0C91BC942}") = "pythoncore", "cpython-3.12.0\PCbuild\pythoncore.vcxproj", "{CF7AC3D1-E2DF-41D2-BEA6-1E2556CDEA26}"
EndProject
Project("{8BC9CEB8-8B4A-11D0-8D11-00A0C91BC942}") = "libzdl", "..\libsrc\libzdl\zdl.vcxproj", "{7E6565F8-DBD5-43D7-B682-E6D4E5A70844}"
EndProject
Project("{8BC9CEB8-8B4A-11D0-8D11-00A0C91BC942}") = "icepy", "..\..\OSLib\ice-3.7\ice-3.7\python\modules\IcePy\msbuild\icepy.vcxproj", "{18BF13D3-85D3-43A5-8C96-E52EB0672F72}"
EndProject
Project("{2150E333-8FDC-42A3-9474-1A3956D46DE8}") = "ref", "ref", "{248FA8E2-DF65-4FE3-9533-9244E046D46F}"
EndProject
Project("{8BC9CEB8-8B4A-11D0-8D11-00A0C91BC942}") = "python", "cpython-3.12.0\PCbuild\python.vcxproj", "{B11D750F-CD1F-4A96-85CE-E69A5C5259F9}"
EndProject
Project("{8BC9CEB8-8B4A-11D0-8D11-00A0C91BC942}") = "RpcDemo", "src\rpcdemo.vcxproj", "{AA7844C4-D3A8-4BF7-A21B-944B41A1622A}"
	ProjectSection(ProjectDependencies) = postProject
		{7E6565F8-DBD5-43D7-B682-E6D4E5A70844} = {7E6565F8-DBD5-43D7-B682-E6D4E5A70844}
		{B0E3A37D-FAEC-4E20-9FED-1DF3728419A7} = {B0E3A37D-FAEC-4E20-9FED-1DF3728419A7}
	EndProjectSection
EndProject
Global
	GlobalSection(SolutionConfigurationPlatforms) = preSolution
		Debug|ARM = Debug|ARM
		Debug|ARM64 = Debug|ARM64
		Debug|x64 = Debug|x64
		Debug|x86 = Debug|x86
		MinSizeRel|ARM = MinSizeRel|ARM
		MinSizeRel|ARM64 = MinSizeRel|ARM64
		MinSizeRel|x64 = MinSizeRel|x64
		MinSizeRel|x86 = MinSizeRel|x86
		PGInstrument|ARM = PGInstrument|ARM
		PGInstrument|ARM64 = PGInstrument|ARM64
		PGInstrument|x64 = PGInstrument|x64
		PGInstrument|x86 = PGInstrument|x86
		PGUpdate|ARM = PGUpdate|ARM
		PGUpdate|ARM64 = PGUpdate|ARM64
		PGUpdate|x64 = PGUpdate|x64
		PGUpdate|x86 = PGUpdate|x86
		Release|ARM = Release|ARM
		Release|ARM64 = Release|ARM64
		Release|x64 = Release|x64
		Release|x86 = Release|x86
		RelWithDebInfo|ARM = RelWithDebInfo|ARM
		RelWithDebInfo|ARM64 = RelWithDebInfo|ARM64
		RelWithDebInfo|x64 = RelWithDebInfo|x64
		RelWithDebInfo|x86 = RelWithDebInfo|x86
	EndGlobalSection
	GlobalSection(ProjectConfigurationPlatforms) = postSolution
		{B0E3A37D-FAEC-4E20-9FED-1DF3728419A7}.Debug|ARM.ActiveCfg = Debug|x64
		{B0E3A37D-FAEC-4E20-9FED-1DF3728419A7}.Debug|ARM.Build.0 = Debug|x64
		{B0E3A37D-FAEC-4E20-9FED-1DF3728419A7}.Debug|ARM64.ActiveCfg = Debug|x64
		{B0E3A37D-FAEC-4E20-9FED-1DF3728419A7}.Debug|ARM64.Build.0 = Debug|x64
		{B0E3A37D-FAEC-4E20-9FED-1DF3728419A7}.Debug|x64.ActiveCfg = Debug|x64
		{B0E3A37D-FAEC-4E20-9FED-1DF3728419A7}.Debug|x64.Build.0 = Debug|x64
		{B0E3A37D-FAEC-4E20-9FED-1DF3728419A7}.Debug|x86.ActiveCfg = Debug|Win32
		{B0E3A37D-FAEC-4E20-9FED-1DF3728419A7}.Debug|x86.Build.0 = Debug|Win32
		{B0E3A37D-FAEC-4E20-9FED-1DF3728419A7}.MinSizeRel|ARM.ActiveCfg = Release|x64
		{B0E3A37D-FAEC-4E20-9FED-1DF3728419A7}.MinSizeRel|ARM.Build.0 = Release|x64
		{B0E3A37D-FAEC-4E20-9FED-1DF3728419A7}.MinSizeRel|ARM64.ActiveCfg = Release|x64
		{B0E3A37D-FAEC-4E20-9FED-1DF3728419A7}.MinSizeRel|ARM64.Build.0 = Release|x64
		{B0E3A37D-FAEC-4E20-9FED-1DF3728419A7}.MinSizeRel|x64.ActiveCfg = Release|x64
		{B0E3A37D-FAEC-4E20-9FED-1DF3728419A7}.MinSizeRel|x64.Build.0 = Release|x64
		{B0E3A37D-FAEC-4E20-9FED-1DF3728419A7}.MinSizeRel|x86.ActiveCfg = Release|Win32
		{B0E3A37D-FAEC-4E20-9FED-1DF3728419A7}.MinSizeRel|x86.Build.0 = Release|Win32
		{B0E3A37D-FAEC-4E20-9FED-1DF3728419A7}.PGInstrument|ARM.ActiveCfg = Release|x64
		{B0E3A37D-FAEC-4E20-9FED-1DF3728419A7}.PGInstrument|ARM.Build.0 = Release|x64
		{B0E3A37D-FAEC-4E20-9FED-1DF3728419A7}.PGInstrument|ARM64.ActiveCfg = Release|x64
		{B0E3A37D-FAEC-4E20-9FED-1DF3728419A7}.PGInstrument|ARM64.Build.0 = Release|x64
		{B0E3A37D-FAEC-4E20-9FED-1DF3728419A7}.PGInstrument|x64.ActiveCfg = Release|x64
		{B0E3A37D-FAEC-4E20-9FED-1DF3728419A7}.PGInstrument|x64.Build.0 = Release|x64
		{B0E3A37D-FAEC-4E20-9FED-1DF3728419A7}.PGInstrument|x86.ActiveCfg = Release|Win32
		{B0E3A37D-FAEC-4E20-9FED-1DF3728419A7}.PGInstrument|x86.Build.0 = Release|Win32
		{B0E3A37D-FAEC-4E20-9FED-1DF3728419A7}.PGUpdate|ARM.ActiveCfg = Release|x64
		{B0E3A37D-FAEC-4E20-9FED-1DF3728419A7}.PGUpdate|ARM.Build.0 = Release|x64
		{B0E3A37D-FAEC-4E20-9FED-1DF3728419A7}.PGUpdate|ARM64.ActiveCfg = Release|x64
		{B0E3A37D-FAEC-4E20-9FED-1DF3728419A7}.PGUpdate|ARM64.Build.0 = Release|x64
		{B0E3A37D-FAEC-4E20-9FED-1DF3728419A7}.PGUpdate|x64.ActiveCfg = Release|x64
		{B0E3A37D-FAEC-4E20-9FED-1DF3728419A7}.PGUpdate|x64.Build.0 = Release|x64
		{B0E3A37D-FAEC-4E20-9FED-1DF3728419A7}.PGUpdate|x86.ActiveCfg = Release|Win32
		{B0E3A37D-FAEC-4E20-9FED-1DF3728419A7}.PGUpdate|x86.Build.0 = Release|Win32
		{B0E3A37D-FAEC-4E20-9FED-1DF3728419A7}.Release|ARM.ActiveCfg = Release|x64
		{B0E3A37D-FAEC-4E20-9FED-1DF3728419A7}.Release|ARM.Build.0 = Release|x64
		{B0E3A37D-FAEC-4E20-9FED-1DF3728419A7}.Release|ARM64.ActiveCfg = Release|x64
		{B0E3A37D-FAEC-4E20-9FED-1DF3728419A7}.Release|ARM64.Build.0 = Release|x64
		{B0E3A37D-FAEC-4E20-9FED-1DF3728419A7}.Release|x64.ActiveCfg = Release|x64
		{B0E3A37D-FAEC-4E20-9FED-1DF3728419A7}.Release|x64.Build.0 = Release|x64
		{B0E3A37D-FAEC-4E20-9FED-1DF3728419A7}.Release|x86.ActiveCfg = Release|Win32
		{B0E3A37D-FAEC-4E20-9FED-1DF3728419A7}.Release|x86.Build.0 = Release|Win32
		{B0E3A37D-FAEC-4E20-9FED-1DF3728419A7}.RelWithDebInfo|ARM.ActiveCfg = Release|x64
		{B0E3A37D-FAEC-4E20-9FED-1DF3728419A7}.RelWithDebInfo|ARM.Build.0 = Release|x64
		{B0E3A37D-FAEC-4E20-9FED-1DF3728419A7}.RelWithDebInfo|ARM64.ActiveCfg = Release|x64
		{B0E3A37D-FAEC-4E20-9FED-1DF3728419A7}.RelWithDebInfo|ARM64.Build.0 = Release|x64
		{B0E3A37D-FAEC-4E20-9FED-1DF3728419A7}.RelWithDebInfo|x64.ActiveCfg = Release|x64
		{B0E3A37D-FAEC-4E20-9FED-1DF3728419A7}.RelWithDebInfo|x64.Build.0 = Release|x64
		{B0E3A37D-FAEC-4E20-9FED-1DF3728419A7}.RelWithDebInfo|x86.ActiveCfg = Release|Win32
		{B0E3A37D-FAEC-4E20-9FED-1DF3728419A7}.RelWithDebInfo|x86.Build.0 = Release|Win32
		{0B88ACEC-C920-488D-9925-107CFD2CC263}.Debug|ARM.ActiveCfg = Debug|x64
		{0B88ACEC-C920-488D-9925-107CFD2CC263}.Debug|ARM.Build.0 = Debug|x64
		{0B88ACEC-C920-488D-9925-107CFD2CC263}.Debug|ARM64.ActiveCfg = Debug|x64
		{0B88ACEC-C920-488D-9925-107CFD2CC263}.Debug|ARM64.Build.0 = Debug|x64
		{0B88ACEC-C920-488D-9925-107CFD2CC263}.Debug|x64.ActiveCfg = Debug|x64
		{0B88ACEC-C920-488D-9925-107CFD2CC263}.Debug|x64.Build.0 = Debug|x64
		{0B88ACEC-C920-488D-9925-107CFD2CC263}.Debug|x86.ActiveCfg = Debug|Win32
		{0B88ACEC-C920-488D-9925-107CFD2CC263}.Debug|x86.Build.0 = Debug|Win32
		{0B88ACEC-C920-488D-9925-107CFD2CC263}.MinSizeRel|ARM.ActiveCfg = Release|x64
		{0B88ACEC-C920-488D-9925-107CFD2CC263}.MinSizeRel|ARM.Build.0 = Release|x64
		{0B88ACEC-C920-488D-9925-107CFD2CC263}.MinSizeRel|ARM64.ActiveCfg = Release|x64
		{0B88ACEC-C920-488D-9925-107CFD2CC263}.MinSizeRel|ARM64.Build.0 = Release|x64
		{0B88ACEC-C920-488D-9925-107CFD2CC263}.MinSizeRel|x64.ActiveCfg = Release|x64
		{0B88ACEC-C920-488D-9925-107CFD2CC263}.MinSizeRel|x64.Build.0 = Release|x64
		{0B88ACEC-C920-488D-9925-107CFD2CC263}.MinSizeRel|x86.ActiveCfg = Release|Win32
		{0B88ACEC-C920-488D-9925-107CFD2CC263}.MinSizeRel|x86.Build.0 = Release|Win32
		{0B88ACEC-C920-488D-9925-107CFD2CC263}.PGInstrument|ARM.ActiveCfg = Release|x64
		{0B88ACEC-C920-488D-9925-107CFD2CC263}.PGInstrument|ARM.Build.0 = Release|x64
		{0B88ACEC-C920-488D-9925-107CFD2CC263}.PGInstrument|ARM64.ActiveCfg = Release|x64
		{0B88ACEC-C920-488D-9925-107CFD2CC263}.PGInstrument|ARM64.Build.0 = Release|x64
		{0B88ACEC-C920-488D-9925-107CFD2CC263}.PGInstrument|x64.ActiveCfg = Release|x64
		{0B88ACEC-C920-488D-9925-107CFD2CC263}.PGInstrument|x64.Build.0 = Release|x64
		{0B88ACEC-C920-488D-9925-107CFD2CC263}.PGInstrument|x86.ActiveCfg = Release|Win32
		{0B88ACEC-C920-488D-9925-107CFD2CC263}.PGInstrument|x86.Build.0 = Release|Win32
		{0B88ACEC-C920-488D-9925-107CFD2CC263}.PGUpdate|ARM.ActiveCfg = Release|x64
		{0B88ACEC-C920-488D-9925-107CFD2CC263}.PGUpdate|ARM.Build.0 = Release|x64
		{0B88ACEC-C920-488D-9925-107CFD2CC263}.PGUpdate|ARM64.ActiveCfg = Release|x64
		{0B88ACEC-C920-488D-9925-107CFD2CC263}.PGUpdate|ARM64.Build.0 = Release|x64
		{0B88ACEC-C920-488D-9925-107CFD2CC263}.PGUpdate|x64.ActiveCfg = Release|x64
		{0B88ACEC-C920-488D-9925-107CFD2CC263}.PGUpdate|x64.Build.0 = Release|x64
		{0B88ACEC-C920-488D-9925-107CFD2CC263}.PGUpdate|x86.ActiveCfg = Release|Win32
		{0B88ACEC-C920-488D-9925-107CFD2CC263}.PGUpdate|x86.Build.0 = Release|Win32
		{0B88ACEC-C920-488D-9925-107CFD2CC263}.Release|ARM.ActiveCfg = Release|x64
		{0B88ACEC-C920-488D-9925-107CFD2CC263}.Release|ARM.Build.0 = Release|x64
		{0B88ACEC-C920-488D-9925-107CFD2CC263}.Release|ARM64.ActiveCfg = Release|x64
		{0B88ACEC-C920-488D-9925-107CFD2CC263}.Release|ARM64.Build.0 = Release|x64
		{0B88ACEC-C920-488D-9925-107CFD2CC263}.Release|x64.ActiveCfg = Release|x64
		{0B88ACEC-C920-488D-9925-107CFD2CC263}.Release|x64.Build.0 = Release|x64
		{0B88ACEC-C920-488D-9925-107CFD2CC263}.Release|x86.ActiveCfg = Release|Win32
		{0B88ACEC-C920-488D-9925-107CFD2CC263}.Release|x86.Build.0 = Release|Win32
		{0B88ACEC-C920-488D-9925-107CFD2CC263}.RelWithDebInfo|ARM.ActiveCfg = Release|x64
		{0B88ACEC-C920-488D-9925-107CFD2CC263}.RelWithDebInfo|ARM.Build.0 = Release|x64
		{0B88ACEC-C920-488D-9925-107CFD2CC263}.RelWithDebInfo|ARM64.ActiveCfg = Release|x64
		{0B88ACEC-C920-488D-9925-107CFD2CC263}.RelWithDebInfo|ARM64.Build.0 = Release|x64
		{0B88ACEC-C920-488D-9925-107CFD2CC263}.RelWithDebInfo|x64.ActiveCfg = Release|x64
		{0B88ACEC-C920-488D-9925-107CFD2CC263}.RelWithDebInfo|x64.Build.0 = Release|x64
		{0B88ACEC-C920-488D-9925-107CFD2CC263}.RelWithDebInfo|x86.ActiveCfg = Release|Win32
		{0B88ACEC-C920-488D-9925-107CFD2CC263}.RelWithDebInfo|x86.Build.0 = Release|Win32
		{5EEF66B4-4A24-4748-8A00-807140BE8C57}.Debug|ARM.ActiveCfg = Debug|x64
		{5EEF66B4-4A24-4748-8A00-807140BE8C57}.Debug|ARM.Build.0 = Debug|x64
		{5EEF66B4-4A24-4748-8A00-807140BE8C57}.Debug|ARM64.ActiveCfg = Debug|x64
		{5EEF66B4-4A24-4748-8A00-807140BE8C57}.Debug|ARM64.Build.0 = Debug|x64
		{5EEF66B4-4A24-4748-8A00-807140BE8C57}.Debug|x64.ActiveCfg = Debug|x64
		{5EEF66B4-4A24-4748-8A00-807140BE8C57}.Debug|x64.Build.0 = Debug|x64
		{5EEF66B4-4A24-4748-8A00-807140BE8C57}.Debug|x86.ActiveCfg = Debug|Win32
		{5EEF66B4-4A24-4748-8A00-807140BE8C57}.Debug|x86.Build.0 = Debug|Win32
		{5EEF66B4-4A24-4748-8A00-807140BE8C57}.MinSizeRel|ARM.ActiveCfg = Release|x64
		{5EEF66B4-4A24-4748-8A00-807140BE8C57}.MinSizeRel|ARM.Build.0 = Release|x64
		{5EEF66B4-4A24-4748-8A00-807140BE8C57}.MinSizeRel|ARM64.ActiveCfg = Release|x64
		{5EEF66B4-4A24-4748-8A00-807140BE8C57}.MinSizeRel|ARM64.Build.0 = Release|x64
		{5EEF66B4-4A24-4748-8A00-807140BE8C57}.MinSizeRel|x64.ActiveCfg = Release|x64
		{5EEF66B4-4A24-4748-8A00-807140BE8C57}.MinSizeRel|x64.Build.0 = Release|x64
		{5EEF66B4-4A24-4748-8A00-807140BE8C57}.MinSizeRel|x86.ActiveCfg = Release|Win32
		{5EEF66B4-4A24-4748-8A00-807140BE8C57}.MinSizeRel|x86.Build.0 = Release|Win32
		{5EEF66B4-4A24-4748-8A00-807140BE8C57}.PGInstrument|ARM.ActiveCfg = Release|x64
		{5EEF66B4-4A24-4748-8A00-807140BE8C57}.PGInstrument|ARM.Build.0 = Release|x64
		{5EEF66B4-4A24-4748-8A00-807140BE8C57}.PGInstrument|ARM64.ActiveCfg = Release|x64
		{5EEF66B4-4A24-4748-8A00-807140BE8C57}.PGInstrument|ARM64.Build.0 = Release|x64
		{5EEF66B4-4A24-4748-8A00-807140BE8C57}.PGInstrument|x64.ActiveCfg = Release|x64
		{5EEF66B4-4A24-4748-8A00-807140BE8C57}.PGInstrument|x64.Build.0 = Release|x64
		{5EEF66B4-4A24-4748-8A00-807140BE8C57}.PGInstrument|x86.ActiveCfg = Release|Win32
		{5EEF66B4-4A24-4748-8A00-807140BE8C57}.PGInstrument|x86.Build.0 = Release|Win32
		{5EEF66B4-4A24-4748-8A00-807140BE8C57}.PGUpdate|ARM.ActiveCfg = Release|x64
		{5EEF66B4-4A24-4748-8A00-807140BE8C57}.PGUpdate|ARM.Build.0 = Release|x64
		{5EEF66B4-4A24-4748-8A00-807140BE8C57}.PGUpdate|ARM64.ActiveCfg = Release|x64
		{5EEF66B4-4A24-4748-8A00-807140BE8C57}.PGUpdate|ARM64.Build.0 = Release|x64
		{5EEF66B4-4A24-4748-8A00-807140BE8C57}.PGUpdate|x64.ActiveCfg = Release|x64
		{5EEF66B4-4A24-4748-8A00-807140BE8C57}.PGUpdate|x64.Build.0 = Release|x64
		{5EEF66B4-4A24-4748-8A00-807140BE8C57}.PGUpdate|x86.ActiveCfg = Release|Win32
		{5EEF66B4-4A24-4748-8A00-807140BE8C57}.PGUpdate|x86.Build.0 = Release|Win32
		{5EEF66B4-4A24-4748-8A00-807140BE8C57}.Release|ARM.ActiveCfg = Release|x64
		{5EEF66B4-4A24-4748-8A00-807140BE8C57}.Release|ARM.Build.0 = Release|x64
		{5EEF66B4-4A24-4748-8A00-807140BE8C57}.Release|ARM64.ActiveCfg = Release|x64
		{5EEF66B4-4A24-4748-8A00-807140BE8C57}.Release|ARM64.Build.0 = Release|x64
		{5EEF66B4-4A24-4748-8A00-807140BE8C57}.Release|x64.ActiveCfg = Release|x64
		{5EEF66B4-4A24-4748-8A00-807140BE8C57}.Release|x64.Build.0 = Release|x64
		{5EEF66B4-4A24-4748-8A00-807140BE8C57}.Release|x86.ActiveCfg = Release|Win32
		{5EEF66B4-4A24-4748-8A00-807140BE8C57}.Release|x86.Build.0 = Release|Win32
		{5EEF66B4-4A24-4748-8A00-807140BE8C57}.RelWithDebInfo|ARM.ActiveCfg = Release|x64
		{5EEF66B4-4A24-4748-8A00-807140BE8C57}.RelWithDebInfo|ARM.Build.0 = Release|x64
		{5EEF66B4-4A24-4748-8A00-807140BE8C57}.RelWithDebInfo|ARM64.ActiveCfg = Release|x64
		{5EEF66B4-4A24-4748-8A00-807140BE8C57}.RelWithDebInfo|ARM64.Build.0 = Release|x64
		{5EEF66B4-4A24-4748-8A00-807140BE8C57}.RelWithDebInfo|x64.ActiveCfg = Release|x64
		{5EEF66B4-4A24-4748-8A00-807140BE8C57}.RelWithDebInfo|x64.Build.0 = Release|x64
		{5EEF66B4-4A24-4748-8A00-807140BE8C57}.RelWithDebInfo|x86.ActiveCfg = Release|Win32
		{5EEF66B4-4A24-4748-8A00-807140BE8C57}.RelWithDebInfo|x86.Build.0 = Release|Win32
		{FE46CDEE-9F31-3213-9381-689FDFA4F881}.Debug|ARM.ActiveCfg = Debug|ARM
		{FE46CDEE-9F31-3213-9381-689FDFA4F881}.Debug|ARM.Build.0 = Debug|ARM
		{FE46CDEE-9F31-3213-9381-689FDFA4F881}.Debug|ARM64.ActiveCfg = Debug|x64
		{FE46CDEE-9F31-3213-9381-689FDFA4F881}.Debug|ARM64.Build.0 = Debug|x64
		{FE46CDEE-9F31-3213-9381-689FDFA4F881}.Debug|x64.ActiveCfg = Debug|x64
		{FE46CDEE-9F31-3213-9381-689FDFA4F881}.Debug|x64.Build.0 = Debug|x64
		{FE46CDEE-9F31-3213-9381-689FDFA4F881}.Debug|x86.ActiveCfg = Debug|Win32
		{FE46CDEE-9F31-3213-9381-689FDFA4F881}.Debug|x86.Build.0 = Debug|Win32
		{FE46CDEE-9F31-3213-9381-689FDFA4F881}.MinSizeRel|ARM.ActiveCfg = MinSizeRel|ARM
		{FE46CDEE-9F31-3213-9381-689FDFA4F881}.MinSizeRel|ARM.Build.0 = MinSizeRel|ARM
		{FE46CDEE-9F31-3213-9381-689FDFA4F881}.MinSizeRel|ARM64.ActiveCfg = MinSizeRel|x64
		{FE46CDEE-9F31-3213-9381-689FDFA4F881}.MinSizeRel|ARM64.Build.0 = MinSizeRel|x64
		{FE46CDEE-9F31-3213-9381-689FDFA4F881}.MinSizeRel|x64.ActiveCfg = MinSizeRel|x64
		{FE46CDEE-9F31-3213-9381-689FDFA4F881}.MinSizeRel|x64.Build.0 = MinSizeRel|x64
		{FE46CDEE-9F31-3213-9381-689FDFA4F881}.MinSizeRel|x86.ActiveCfg = MinSizeRel|Win32
		{FE46CDEE-9F31-3213-9381-689FDFA4F881}.MinSizeRel|x86.Build.0 = MinSizeRel|Win32
		{FE46CDEE-9F31-3213-9381-689FDFA4F881}.PGInstrument|ARM.ActiveCfg = RelWithDebInfo|ARM
		{FE46CDEE-9F31-3213-9381-689FDFA4F881}.PGInstrument|ARM.Build.0 = RelWithDebInfo|ARM
		{FE46CDEE-9F31-3213-9381-689FDFA4F881}.PGInstrument|ARM64.ActiveCfg = RelWithDebInfo|x64
		{FE46CDEE-9F31-3213-9381-689FDFA4F881}.PGInstrument|ARM64.Build.0 = RelWithDebInfo|x64
		{FE46CDEE-9F31-3213-9381-689FDFA4F881}.PGInstrument|x64.ActiveCfg = RelWithDebInfo|x64
		{FE46CDEE-9F31-3213-9381-689FDFA4F881}.PGInstrument|x64.Build.0 = RelWithDebInfo|x64
		{FE46CDEE-9F31-3213-9381-689FDFA4F881}.PGInstrument|x86.ActiveCfg = RelWithDebInfo|Win32
		{FE46CDEE-9F31-3213-9381-689FDFA4F881}.PGInstrument|x86.Build.0 = RelWithDebInfo|Win32
		{FE46CDEE-9F31-3213-9381-689FDFA4F881}.PGUpdate|ARM.ActiveCfg = RelWithDebInfo|ARM
		{FE46CDEE-9F31-3213-9381-689FDFA4F881}.PGUpdate|ARM.Build.0 = RelWithDebInfo|ARM
		{FE46CDEE-9F31-3213-9381-689FDFA4F881}.PGUpdate|ARM64.ActiveCfg = RelWithDebInfo|x64
		{FE46CDEE-9F31-3213-9381-689FDFA4F881}.PGUpdate|ARM64.Build.0 = RelWithDebInfo|x64
		{FE46CDEE-9F31-3213-9381-689FDFA4F881}.PGUpdate|x64.ActiveCfg = RelWithDebInfo|x64
		{FE46CDEE-9F31-3213-9381-689FDFA4F881}.PGUpdate|x64.Build.0 = RelWithDebInfo|x64
		{FE46CDEE-9F31-3213-9381-689FDFA4F881}.PGUpdate|x86.ActiveCfg = RelWithDebInfo|Win32
		{FE46CDEE-9F31-3213-9381-689FDFA4F881}.PGUpdate|x86.Build.0 = RelWithDebInfo|Win32
		{FE46CDEE-9F31-3213-9381-689FDFA4F881}.Release|ARM.ActiveCfg = Release|ARM
		{FE46CDEE-9F31-3213-9381-689FDFA4F881}.Release|ARM.Build.0 = Release|ARM
		{FE46CDEE-9F31-3213-9381-689FDFA4F881}.Release|ARM64.ActiveCfg = Release|x64
		{FE46CDEE-9F31-3213-9381-689FDFA4F881}.Release|ARM64.Build.0 = Release|x64
		{FE46CDEE-9F31-3213-9381-689FDFA4F881}.Release|x64.ActiveCfg = Release|x64
		{FE46CDEE-9F31-3213-9381-689FDFA4F881}.Release|x64.Build.0 = Release|x64
		{FE46CDEE-9F31-3213-9381-689FDFA4F881}.Release|x86.ActiveCfg = Release|Win32
		{FE46CDEE-9F31-3213-9381-689FDFA4F881}.Release|x86.Build.0 = Release|Win32
		{FE46CDEE-9F31-3213-9381-689FDFA4F881}.RelWithDebInfo|ARM.ActiveCfg = RelWithDebInfo|ARM
		{FE46CDEE-9F31-3213-9381-689FDFA4F881}.RelWithDebInfo|ARM.Build.0 = RelWithDebInfo|ARM
		{FE46CDEE-9F31-3213-9381-689FDFA4F881}.RelWithDebInfo|ARM64.ActiveCfg = RelWithDebInfo|x64
		{FE46CDEE-9F31-3213-9381-689FDFA4F881}.RelWithDebInfo|ARM64.Build.0 = RelWithDebInfo|x64
		{FE46CDEE-9F31-3213-9381-689FDFA4F881}.RelWithDebInfo|x64.ActiveCfg = RelWithDebInfo|x64
		{FE46CDEE-9F31-3213-9381-689FDFA4F881}.RelWithDebInfo|x64.Build.0 = RelWithDebInfo|x64
		{FE46CDEE-9F31-3213-9381-689FDFA4F881}.RelWithDebInfo|x86.ActiveCfg = RelWithDebInfo|Win32
		{FE46CDEE-9F31-3213-9381-689FDFA4F881}.RelWithDebInfo|x86.Build.0 = RelWithDebInfo|Win32
		{82356F33-956B-4931-9977-BD7994B1C761}.Debug|ARM.ActiveCfg = Debug|x64
		{82356F33-956B-4931-9977-BD7994B1C761}.Debug|ARM.Build.0 = Debug|x64
		{82356F33-956B-4931-9977-BD7994B1C761}.Debug|ARM64.ActiveCfg = Debug|x64
		{82356F33-956B-4931-9977-BD7994B1C761}.Debug|ARM64.Build.0 = Debug|x64
		{82356F33-956B-4931-9977-BD7994B1C761}.Debug|x64.ActiveCfg = Debug|x64
		{82356F33-956B-4931-9977-BD7994B1C761}.Debug|x64.Build.0 = Debug|x64
		{82356F33-956B-4931-9977-BD7994B1C761}.Debug|x86.ActiveCfg = Debug|Win32
		{82356F33-956B-4931-9977-BD7994B1C761}.Debug|x86.Build.0 = Debug|Win32
		{82356F33-956B-4931-9977-BD7994B1C761}.MinSizeRel|ARM.ActiveCfg = Debug|x64
		{82356F33-956B-4931-9977-BD7994B1C761}.MinSizeRel|ARM.Build.0 = Debug|x64
		{82356F33-956B-4931-9977-BD7994B1C761}.MinSizeRel|ARM64.ActiveCfg = Release|x64
		{82356F33-956B-4931-9977-BD7994B1C761}.MinSizeRel|ARM64.Build.0 = Release|x64
		{82356F33-956B-4931-9977-BD7994B1C761}.MinSizeRel|x64.ActiveCfg = Debug|x64
		{82356F33-956B-4931-9977-BD7994B1C761}.MinSizeRel|x64.Build.0 = Debug|x64
		{82356F33-956B-4931-9977-BD7994B1C761}.MinSizeRel|x86.ActiveCfg = Debug|Win32
		{82356F33-956B-4931-9977-BD7994B1C761}.MinSizeRel|x86.Build.0 = Debug|Win32
		{82356F33-956B-4931-9977-BD7994B1C761}.PGInstrument|ARM.ActiveCfg = Release|x64
		{82356F33-956B-4931-9977-BD7994B1C761}.PGInstrument|ARM.Build.0 = Release|x64
		{82356F33-956B-4931-9977-BD7994B1C761}.PGInstrument|ARM64.ActiveCfg = Release|x64
		{82356F33-956B-4931-9977-BD7994B1C761}.PGInstrument|ARM64.Build.0 = Release|x64
		{82356F33-956B-4931-9977-BD7994B1C761}.PGInstrument|x64.ActiveCfg = Release|x64
		{82356F33-956B-4931-9977-BD7994B1C761}.PGInstrument|x64.Build.0 = Release|x64
		{82356F33-956B-4931-9977-BD7994B1C761}.PGInstrument|x86.ActiveCfg = Release|Win32
		{82356F33-956B-4931-9977-BD7994B1C761}.PGInstrument|x86.Build.0 = Release|Win32
		{82356F33-956B-4931-9977-BD7994B1C761}.PGUpdate|ARM.ActiveCfg = Release|x64
		{82356F33-956B-4931-9977-BD7994B1C761}.PGUpdate|ARM.Build.0 = Release|x64
		{82356F33-956B-4931-9977-BD7994B1C761}.PGUpdate|ARM64.ActiveCfg = Release|x64
		{82356F33-956B-4931-9977-BD7994B1C761}.PGUpdate|ARM64.Build.0 = Release|x64
		{82356F33-956B-4931-9977-BD7994B1C761}.PGUpdate|x64.ActiveCfg = Release|x64
		{82356F33-956B-4931-9977-BD7994B1C761}.PGUpdate|x64.Build.0 = Release|x64
		{82356F33-956B-4931-9977-BD7994B1C761}.PGUpdate|x86.ActiveCfg = Release|Win32
		{82356F33-956B-4931-9977-BD7994B1C761}.PGUpdate|x86.Build.0 = Release|Win32
		{82356F33-956B-4931-9977-BD7994B1C761}.Release|ARM.ActiveCfg = Release|x64
		{82356F33-956B-4931-9977-BD7994B1C761}.Release|ARM.Build.0 = Release|x64
		{82356F33-956B-4931-9977-BD7994B1C761}.Release|ARM64.ActiveCfg = Release|x64
		{82356F33-956B-4931-9977-BD7994B1C761}.Release|ARM64.Build.0 = Release|x64
		{82356F33-956B-4931-9977-BD7994B1C761}.Release|x64.ActiveCfg = Release|x64
		{82356F33-956B-4931-9977-BD7994B1C761}.Release|x64.Build.0 = Release|x64
		{82356F33-956B-4931-9977-BD7994B1C761}.Release|x86.ActiveCfg = Release|Win32
		{82356F33-956B-4931-9977-BD7994B1C761}.Release|x86.Build.0 = Release|Win32
		{82356F33-956B-4931-9977-BD7994B1C761}.RelWithDebInfo|ARM.ActiveCfg = Release|x64
		{82356F33-956B-4931-9977-BD7994B1C761}.RelWithDebInfo|ARM.Build.0 = Release|x64
		{82356F33-956B-4931-9977-BD7994B1C761}.RelWithDebInfo|ARM64.ActiveCfg = Release|x64
		{82356F33-956B-4931-9977-BD7994B1C761}.RelWithDebInfo|ARM64.Build.0 = Release|x64
		{82356F33-956B-4931-9977-BD7994B1C761}.RelWithDebInfo|x64.ActiveCfg = Release|x64
		{82356F33-956B-4931-9977-BD7994B1C761}.RelWithDebInfo|x64.Build.0 = Release|x64
		{82356F33-956B-4931-9977-BD7994B1C761}.RelWithDebInfo|x86.ActiveCfg = Release|Win32
		{82356F33-956B-4931-9977-BD7994B1C761}.RelWithDebInfo|x86.Build.0 = Release|Win32
		{CF7AC3D1-E2DF-41D2-BEA6-1E2556CDEA26}.Debug|ARM.ActiveCfg = Debug|ARM
		{CF7AC3D1-E2DF-41D2-BEA6-1E2556CDEA26}.Debug|ARM.Build.0 = Debug|ARM
		{CF7AC3D1-E2DF-41D2-BEA6-1E2556CDEA26}.Debug|ARM64.ActiveCfg = Debug|ARM64
		{CF7AC3D1-E2DF-41D2-BEA6-1E2556CDEA26}.Debug|ARM64.Build.0 = Debug|ARM64
		{CF7AC3D1-E2DF-41D2-BEA6-1E2556CDEA26}.Debug|x64.ActiveCfg = Debug|x64
		{CF7AC3D1-E2DF-41D2-BEA6-1E2556CDEA26}.Debug|x64.Build.0 = Debug|x64
		{CF7AC3D1-E2DF-41D2-BEA6-1E2556CDEA26}.Debug|x86.ActiveCfg = Debug|Win32
		{CF7AC3D1-E2DF-41D2-BEA6-1E2556CDEA26}.Debug|x86.Build.0 = Debug|Win32
		{CF7AC3D1-E2DF-41D2-BEA6-1E2556CDEA26}.MinSizeRel|ARM.ActiveCfg = Debug|ARM
		{CF7AC3D1-E2DF-41D2-BEA6-1E2556CDEA26}.MinSizeRel|ARM.Build.0 = Debug|ARM
		{CF7AC3D1-E2DF-41D2-BEA6-1E2556CDEA26}.MinSizeRel|ARM64.ActiveCfg = Debug|ARM64
		{CF7AC3D1-E2DF-41D2-BEA6-1E2556CDEA26}.MinSizeRel|ARM64.Build.0 = Debug|ARM64
		{CF7AC3D1-E2DF-41D2-BEA6-1E2556CDEA26}.MinSizeRel|x64.ActiveCfg = Debug|x64
		{CF7AC3D1-E2DF-41D2-BEA6-1E2556CDEA26}.MinSizeRel|x64.Build.0 = Debug|x64
		{CF7AC3D1-E2DF-41D2-BEA6-1E2556CDEA26}.MinSizeRel|x86.ActiveCfg = Debug|Win32
		{CF7AC3D1-E2DF-41D2-BEA6-1E2556CDEA26}.MinSizeRel|x86.Build.0 = Debug|Win32
		{CF7AC3D1-E2DF-41D2-BEA6-1E2556CDEA26}.PGInstrument|ARM.ActiveCfg = PGInstrument|ARM
		{CF7AC3D1-E2DF-41D2-BEA6-1E2556CDEA26}.PGInstrument|ARM.Build.0 = PGInstrument|ARM
		{CF7AC3D1-E2DF-41D2-BEA6-1E2556CDEA26}.PGInstrument|ARM64.ActiveCfg = PGInstrument|ARM64
		{CF7AC3D1-E2DF-41D2-BEA6-1E2556CDEA26}.PGInstrument|ARM64.Build.0 = PGInstrument|ARM64
		{CF7AC3D1-E2DF-41D2-BEA6-1E2556CDEA26}.PGInstrument|x64.ActiveCfg = PGInstrument|x64
		{CF7AC3D1-E2DF-41D2-BEA6-1E2556CDEA26}.PGInstrument|x64.Build.0 = PGInstrument|x64
		{CF7AC3D1-E2DF-41D2-BEA6-1E2556CDEA26}.PGInstrument|x86.ActiveCfg = PGInstrument|Win32
		{CF7AC3D1-E2DF-41D2-BEA6-1E2556CDEA26}.PGInstrument|x86.Build.0 = PGInstrument|Win32
		{CF7AC3D1-E2DF-41D2-BEA6-1E2556CDEA26}.PGUpdate|ARM.ActiveCfg = PGUpdate|ARM
		{CF7AC3D1-E2DF-41D2-BEA6-1E2556CDEA26}.PGUpdate|ARM.Build.0 = PGUpdate|ARM
		{CF7AC3D1-E2DF-41D2-BEA6-1E2556CDEA26}.PGUpdate|ARM64.ActiveCfg = PGUpdate|ARM64
		{CF7AC3D1-E2DF-41D2-BEA6-1E2556CDEA26}.PGUpdate|ARM64.Build.0 = PGUpdate|ARM64
		{CF7AC3D1-E2DF-41D2-BEA6-1E2556CDEA26}.PGUpdate|x64.ActiveCfg = PGUpdate|x64
		{CF7AC3D1-E2DF-41D2-BEA6-1E2556CDEA26}.PGUpdate|x64.Build.0 = PGUpdate|x64
		{CF7AC3D1-E2DF-41D2-BEA6-1E2556CDEA26}.PGUpdate|x86.ActiveCfg = PGUpdate|Win32
		{CF7AC3D1-E2DF-41D2-BEA6-1E2556CDEA26}.PGUpdate|x86.Build.0 = PGUpdate|Win32
		{CF7AC3D1-E2DF-41D2-BEA6-1E2556CDEA26}.Release|ARM.ActiveCfg = Release|ARM
		{CF7AC3D1-E2DF-41D2-BEA6-1E2556CDEA26}.Release|ARM.Build.0 = Release|ARM
		{CF7AC3D1-E2DF-41D2-BEA6-1E2556CDEA26}.Release|ARM64.ActiveCfg = Release|ARM64
		{CF7AC3D1-E2DF-41D2-BEA6-1E2556CDEA26}.Release|ARM64.Build.0 = Release|ARM64
		{CF7AC3D1-E2DF-41D2-BEA6-1E2556CDEA26}.Release|x64.ActiveCfg = Release|x64
		{CF7AC3D1-E2DF-41D2-BEA6-1E2556CDEA26}.Release|x64.Build.0 = Release|x64
		{CF7AC3D1-E2DF-41D2-BEA6-1E2556CDEA26}.Release|x86.ActiveCfg = Release|Win32
		{CF7AC3D1-E2DF-41D2-BEA6-1E2556CDEA26}.Release|x86.Build.0 = Release|Win32
		{CF7AC3D1-E2DF-41D2-BEA6-1E2556CDEA26}.RelWithDebInfo|ARM.ActiveCfg = Release|ARM
		{CF7AC3D1-E2DF-41D2-BEA6-1E2556CDEA26}.RelWithDebInfo|ARM.Build.0 = Release|ARM
		{CF7AC3D1-E2DF-41D2-BEA6-1E2556CDEA26}.RelWithDebInfo|ARM64.ActiveCfg = Release|ARM64
		{CF7AC3D1-E2DF-41D2-BEA6-1E2556CDEA26}.RelWithDebInfo|ARM64.Build.0 = Release|ARM64
		{CF7AC3D1-E2DF-41D2-BEA6-1E2556CDEA26}.RelWithDebInfo|x64.ActiveCfg = Release|x64
		{CF7AC3D1-E2DF-41D2-BEA6-1E2556CDEA26}.RelWithDebInfo|x64.Build.0 = Release|x64
		{CF7AC3D1-E2DF-41D2-BEA6-1E2556CDEA26}.RelWithDebInfo|x86.ActiveCfg = Release|Win32
		{CF7AC3D1-E2DF-41D2-BEA6-1E2556CDEA26}.RelWithDebInfo|x86.Build.0 = Release|Win32
		{7E6565F8-DBD5-43D7-B682-E6D4E5A70844}.Debug|ARM.ActiveCfg = Debug|ARM
		{7E6565F8-DBD5-43D7-B682-E6D4E5A70844}.Debug|ARM.Build.0 = Debug|ARM
		{7E6565F8-DBD5-43D7-B682-E6D4E5A70844}.Debug|ARM64.ActiveCfg = Debug|x64
		{7E6565F8-DBD5-43D7-B682-E6D4E5A70844}.Debug|ARM64.Build.0 = Debug|x64
		{7E6565F8-DBD5-43D7-B682-E6D4E5A70844}.Debug|x64.ActiveCfg = Debug|x64
		{7E6565F8-DBD5-43D7-B682-E6D4E5A70844}.Debug|x64.Build.0 = Debug|x64
		{7E6565F8-DBD5-43D7-B682-E6D4E5A70844}.Debug|x86.ActiveCfg = Debug|Win32
		{7E6565F8-DBD5-43D7-B682-E6D4E5A70844}.Debug|x86.Build.0 = Debug|Win32
		{7E6565F8-DBD5-43D7-B682-E6D4E5A70844}.MinSizeRel|ARM.ActiveCfg = Debug|ARM
		{7E6565F8-DBD5-43D7-B682-E6D4E5A70844}.MinSizeRel|ARM.Build.0 = Debug|ARM
		{7E6565F8-DBD5-43D7-B682-E6D4E5A70844}.MinSizeRel|ARM64.ActiveCfg = Debug|x64
		{7E6565F8-DBD5-43D7-B682-E6D4E5A70844}.MinSizeRel|ARM64.Build.0 = Debug|x64
		{7E6565F8-DBD5-43D7-B682-E6D4E5A70844}.MinSizeRel|x64.ActiveCfg = Debug|x64
		{7E6565F8-DBD5-43D7-B682-E6D4E5A70844}.MinSizeRel|x64.Build.0 = Debug|x64
		{7E6565F8-DBD5-43D7-B682-E6D4E5A70844}.MinSizeRel|x86.ActiveCfg = Debug|Win32
		{7E6565F8-DBD5-43D7-B682-E6D4E5A70844}.MinSizeRel|x86.Build.0 = Debug|Win32
		{7E6565F8-DBD5-43D7-B682-E6D4E5A70844}.PGInstrument|ARM.ActiveCfg = Debug|ARM
		{7E6565F8-DBD5-43D7-B682-E6D4E5A70844}.PGInstrument|ARM.Build.0 = Debug|ARM
		{7E6565F8-DBD5-43D7-B682-E6D4E5A70844}.PGInstrument|ARM64.ActiveCfg = Debug|x64
		{7E6565F8-DBD5-43D7-B682-E6D4E5A70844}.PGInstrument|ARM64.Build.0 = Debug|x64
		{7E6565F8-DBD5-43D7-B682-E6D4E5A70844}.PGInstrument|x64.ActiveCfg = Debug|x64
		{7E6565F8-DBD5-43D7-B682-E6D4E5A70844}.PGInstrument|x64.Build.0 = Debug|x64
		{7E6565F8-DBD5-43D7-B682-E6D4E5A70844}.PGInstrument|x86.ActiveCfg = Debug|Win32
		{7E6565F8-DBD5-43D7-B682-E6D4E5A70844}.PGInstrument|x86.Build.0 = Debug|Win32
		{7E6565F8-DBD5-43D7-B682-E6D4E5A70844}.PGUpdate|ARM.ActiveCfg = Debug|ARM
		{7E6565F8-DBD5-43D7-B682-E6D4E5A70844}.PGUpdate|ARM.Build.0 = Debug|ARM
		{7E6565F8-DBD5-43D7-B682-E6D4E5A70844}.PGUpdate|ARM64.ActiveCfg = Debug|x64
		{7E6565F8-DBD5-43D7-B682-E6D4E5A70844}.PGUpdate|ARM64.Build.0 = Debug|x64
		{7E6565F8-DBD5-43D7-B682-E6D4E5A70844}.PGUpdate|x64.ActiveCfg = Debug|x64
		{7E6565F8-DBD5-43D7-B682-E6D4E5A70844}.PGUpdate|x64.Build.0 = Debug|x64
		{7E6565F8-DBD5-43D7-B682-E6D4E5A70844}.PGUpdate|x86.ActiveCfg = Debug|Win32
		{7E6565F8-DBD5-43D7-B682-E6D4E5A70844}.PGUpdate|x86.Build.0 = Debug|Win32
		{7E6565F8-DBD5-43D7-B682-E6D4E5A70844}.Release|ARM.ActiveCfg = Release|ARM
		{7E6565F8-DBD5-43D7-B682-E6D4E5A70844}.Release|ARM.Build.0 = Release|ARM
		{7E6565F8-DBD5-43D7-B682-E6D4E5A70844}.Release|ARM64.ActiveCfg = Release|x64
		{7E6565F8-DBD5-43D7-B682-E6D4E5A70844}.Release|ARM64.Build.0 = Release|x64
		{7E6565F8-DBD5-43D7-B682-E6D4E5A70844}.Release|x64.ActiveCfg = Release|x64
		{7E6565F8-DBD5-43D7-B682-E6D4E5A70844}.Release|x64.Build.0 = Release|x64
		{7E6565F8-DBD5-43D7-B682-E6D4E5A70844}.Release|x86.ActiveCfg = Release|Win32
		{7E6565F8-DBD5-43D7-B682-E6D4E5A70844}.Release|x86.Build.0 = Release|Win32
		{7E6565F8-DBD5-43D7-B682-E6D4E5A70844}.RelWithDebInfo|ARM.ActiveCfg = Release|ARM
		{7E6565F8-DBD5-43D7-B682-E6D4E5A70844}.RelWithDebInfo|ARM.Build.0 = Release|ARM
		{7E6565F8-DBD5-43D7-B682-E6D4E5A70844}.RelWithDebInfo|ARM64.ActiveCfg = Release|x64
		{7E6565F8-DBD5-43D7-B682-E6D4E5A70844}.RelWithDebInfo|ARM64.Build.0 = Release|x64
		{7E6565F8-DBD5-43D7-B682-E6D4E5A70844}.RelWithDebInfo|x64.ActiveCfg = Release|x64
		{7E6565F8-DBD5-43D7-B682-E6D4E5A70844}.RelWithDebInfo|x64.Build.0 = Release|x64
		{7E6565F8-DBD5-43D7-B682-E6D4E5A70844}.RelWithDebInfo|x86.ActiveCfg = Release|Win32
		{7E6565F8-DBD5-43D7-B682-E6D4E5A70844}.RelWithDebInfo|x86.Build.0 = Release|Win32
		{18BF13D3-85D3-43A5-8C96-E52EB0672F72}.Debug|ARM.ActiveCfg = Debug|x64
		{18BF13D3-85D3-43A5-8C96-E52EB0672F72}.Debug|ARM.Build.0 = Debug|x64
		{18BF13D3-85D3-43A5-8C96-E52EB0672F72}.Debug|ARM64.ActiveCfg = Debug|x64
		{18BF13D3-85D3-43A5-8C96-E52EB0672F72}.Debug|ARM64.Build.0 = Debug|x64
		{18BF13D3-85D3-43A5-8C96-E52EB0672F72}.Debug|x64.ActiveCfg = Debug|x64
		{18BF13D3-85D3-43A5-8C96-E52EB0672F72}.Debug|x64.Build.0 = Debug|x64
		{18BF13D3-85D3-43A5-8C96-E52EB0672F72}.Debug|x86.ActiveCfg = Debug|Win32
		{18BF13D3-85D3-43A5-8C96-E52EB0672F72}.Debug|x86.Build.0 = Debug|Win32
		{18BF13D3-85D3-43A5-8C96-E52EB0672F72}.MinSizeRel|ARM.ActiveCfg = Debug|x64
		{18BF13D3-85D3-43A5-8C96-E52EB0672F72}.MinSizeRel|ARM.Build.0 = Debug|x64
		{18BF13D3-85D3-43A5-8C96-E52EB0672F72}.MinSizeRel|ARM64.ActiveCfg = Debug|x64
		{18BF13D3-85D3-43A5-8C96-E52EB0672F72}.MinSizeRel|ARM64.Build.0 = Debug|x64
		{18BF13D3-85D3-43A5-8C96-E52EB0672F72}.MinSizeRel|x64.ActiveCfg = Debug|x64
		{18BF13D3-85D3-43A5-8C96-E52EB0672F72}.MinSizeRel|x64.Build.0 = Debug|x64
		{18BF13D3-85D3-43A5-8C96-E52EB0672F72}.MinSizeRel|x86.ActiveCfg = Debug|Win32
		{18BF13D3-85D3-43A5-8C96-E52EB0672F72}.MinSizeRel|x86.Build.0 = Debug|Win32
		{18BF13D3-85D3-43A5-8C96-E52EB0672F72}.PGInstrument|ARM.ActiveCfg = Debug|x64
		{18BF13D3-85D3-43A5-8C96-E52EB0672F72}.PGInstrument|ARM.Build.0 = Debug|x64
		{18BF13D3-85D3-43A5-8C96-E52EB0672F72}.PGInstrument|ARM64.ActiveCfg = Debug|x64
		{18BF13D3-85D3-43A5-8C96-E52EB0672F72}.PGInstrument|ARM64.Build.0 = Debug|x64
		{18BF13D3-85D3-43A5-8C96-E52EB0672F72}.PGInstrument|x64.ActiveCfg = Debug|x64
		{18BF13D3-85D3-43A5-8C96-E52EB0672F72}.PGInstrument|x64.Build.0 = Debug|x64
		{18BF13D3-85D3-43A5-8C96-E52EB0672F72}.PGInstrument|x86.ActiveCfg = Debug|Win32
		{18BF13D3-85D3-43A5-8C96-E52EB0672F72}.PGInstrument|x86.Build.0 = Debug|Win32
		{18BF13D3-85D3-43A5-8C96-E52EB0672F72}.PGUpdate|ARM.ActiveCfg = Debug|x64
		{18BF13D3-85D3-43A5-8C96-E52EB0672F72}.PGUpdate|ARM.Build.0 = Debug|x64
		{18BF13D3-85D3-43A5-8C96-E52EB0672F72}.PGUpdate|ARM64.ActiveCfg = Debug|x64
		{18BF13D3-85D3-43A5-8C96-E52EB0672F72}.PGUpdate|ARM64.Build.0 = Debug|x64
		{18BF13D3-85D3-43A5-8C96-E52EB0672F72}.PGUpdate|x64.ActiveCfg = Debug|x64
		{18BF13D3-85D3-43A5-8C96-E52EB0672F72}.PGUpdate|x64.Build.0 = Debug|x64
		{18BF13D3-85D3-43A5-8C96-E52EB0672F72}.PGUpdate|x86.ActiveCfg = Debug|Win32
		{18BF13D3-85D3-43A5-8C96-E52EB0672F72}.PGUpdate|x86.Build.0 = Debug|Win32
		{18BF13D3-85D3-43A5-8C96-E52EB0672F72}.Release|ARM.ActiveCfg = Release|x64
		{18BF13D3-85D3-43A5-8C96-E52EB0672F72}.Release|ARM.Build.0 = Release|x64
		{18BF13D3-85D3-43A5-8C96-E52EB0672F72}.Release|ARM64.ActiveCfg = Release|x64
		{18BF13D3-85D3-43A5-8C96-E52EB0672F72}.Release|ARM64.Build.0 = Release|x64
		{18BF13D3-85D3-43A5-8C96-E52EB0672F72}.Release|x64.ActiveCfg = Release|x64
		{18BF13D3-85D3-43A5-8C96-E52EB0672F72}.Release|x64.Build.0 = Release|x64
		{18BF13D3-85D3-43A5-8C96-E52EB0672F72}.Release|x86.ActiveCfg = Release|Win32
		{18BF13D3-85D3-43A5-8C96-E52EB0672F72}.Release|x86.Build.0 = Release|Win32
		{18BF13D3-85D3-43A5-8C96-E52EB0672F72}.RelWithDebInfo|ARM.ActiveCfg = Release|x64
		{18BF13D3-85D3-43A5-8C96-E52EB0672F72}.RelWithDebInfo|ARM.Build.0 = Release|x64
		{18BF13D3-85D3-43A5-8C96-E52EB0672F72}.RelWithDebInfo|ARM64.ActiveCfg = Release|x64
		{18BF13D3-85D3-43A5-8C96-E52EB0672F72}.RelWithDebInfo|ARM64.Build.0 = Release|x64
		{18BF13D3-85D3-43A5-8C96-E52EB0672F72}.RelWithDebInfo|x64.ActiveCfg = Release|x64
		{18BF13D3-85D3-43A5-8C96-E52EB0672F72}.RelWithDebInfo|x64.Build.0 = Release|x64
		{18BF13D3-85D3-43A5-8C96-E52EB0672F72}.RelWithDebInfo|x86.ActiveCfg = Release|Win32
		{18BF13D3-85D3-43A5-8C96-E52EB0672F72}.RelWithDebInfo|x86.Build.0 = Release|Win32
		{B11D750F-CD1F-4A96-85CE-E69A5C5259F9}.Debug|ARM.ActiveCfg = Debug|ARM
		{B11D750F-CD1F-4A96-85CE-E69A5C5259F9}.Debug|ARM.Build.0 = Debug|ARM
		{B11D750F-CD1F-4A96-85CE-E69A5C5259F9}.Debug|ARM64.ActiveCfg = Debug|ARM64
		{B11D750F-CD1F-4A96-85CE-E69A5C5259F9}.Debug|ARM64.Build.0 = Debug|ARM64
		{B11D750F-CD1F-4A96-85CE-E69A5C5259F9}.Debug|x64.ActiveCfg = Debug|x64
		{B11D750F-CD1F-4A96-85CE-E69A5C5259F9}.Debug|x64.Build.0 = Debug|x64
		{B11D750F-CD1F-4A96-85CE-E69A5C5259F9}.Debug|x86.ActiveCfg = Debug|Win32
		{B11D750F-CD1F-4A96-85CE-E69A5C5259F9}.Debug|x86.Build.0 = Debug|Win32
		{B11D750F-CD1F-4A96-85CE-E69A5C5259F9}.MinSizeRel|ARM.ActiveCfg = Debug|ARM
		{B11D750F-CD1F-4A96-85CE-E69A5C5259F9}.MinSizeRel|ARM.Build.0 = Debug|ARM
		{B11D750F-CD1F-4A96-85CE-E69A5C5259F9}.MinSizeRel|ARM64.ActiveCfg = Debug|ARM64
		{B11D750F-CD1F-4A96-85CE-E69A5C5259F9}.MinSizeRel|ARM64.Build.0 = Debug|ARM64
		{B11D750F-CD1F-4A96-85CE-E69A5C5259F9}.MinSizeRel|x64.ActiveCfg = Debug|x64
		{B11D750F-CD1F-4A96-85CE-E69A5C5259F9}.MinSizeRel|x64.Build.0 = Debug|x64
		{B11D750F-CD1F-4A96-85CE-E69A5C5259F9}.MinSizeRel|x86.ActiveCfg = Debug|Win32
		{B11D750F-CD1F-4A96-85CE-E69A5C5259F9}.MinSizeRel|x86.Build.0 = Debug|Win32
		{B11D750F-CD1F-4A96-85CE-E69A5C5259F9}.PGInstrument|ARM.ActiveCfg = PGInstrument|ARM
		{B11D750F-CD1F-4A96-85CE-E69A5C5259F9}.PGInstrument|ARM.Build.0 = PGInstrument|ARM
		{B11D750F-CD1F-4A96-85CE-E69A5C5259F9}.PGInstrument|ARM64.ActiveCfg = PGInstrument|ARM64
		{B11D750F-CD1F-4A96-85CE-E69A5C5259F9}.PGInstrument|ARM64.Build.0 = PGInstrument|ARM64
		{B11D750F-CD1F-4A96-85CE-E69A5C5259F9}.PGInstrument|x64.ActiveCfg = PGInstrument|x64
		{B11D750F-CD1F-4A96-85CE-E69A5C5259F9}.PGInstrument|x64.Build.0 = PGInstrument|x64
		{B11D750F-CD1F-4A96-85CE-E69A5C5259F9}.PGInstrument|x86.ActiveCfg = PGInstrument|Win32
		{B11D750F-CD1F-4A96-85CE-E69A5C5259F9}.PGInstrument|x86.Build.0 = PGInstrument|Win32
		{B11D750F-CD1F-4A96-85CE-E69A5C5259F9}.PGUpdate|ARM.ActiveCfg = PGUpdate|ARM
		{B11D750F-CD1F-4A96-85CE-E69A5C5259F9}.PGUpdate|ARM.Build.0 = PGUpdate|ARM
		{B11D750F-CD1F-4A96-85CE-E69A5C5259F9}.PGUpdate|ARM64.ActiveCfg = PGUpdate|ARM64
		{B11D750F-CD1F-4A96-85CE-E69A5C5259F9}.PGUpdate|ARM64.Build.0 = PGUpdate|ARM64
		{B11D750F-CD1F-4A96-85CE-E69A5C5259F9}.PGUpdate|x64.ActiveCfg = PGUpdate|x64
		{B11D750F-CD1F-4A96-85CE-E69A5C5259F9}.PGUpdate|x64.Build.0 = PGUpdate|x64
		{B11D750F-CD1F-4A96-85CE-E69A5C5259F9}.PGUpdate|x86.ActiveCfg = PGUpdate|Win32
		{B11D750F-CD1F-4A96-85CE-E69A5C5259F9}.PGUpdate|x86.Build.0 = PGUpdate|Win32
		{B11D750F-CD1F-4A96-85CE-E69A5C5259F9}.Release|ARM.ActiveCfg = Release|ARM
		{B11D750F-CD1F-4A96-85CE-E69A5C5259F9}.Release|ARM.Build.0 = Release|ARM
		{B11D750F-CD1F-4A96-85CE-E69A5C5259F9}.Release|ARM64.ActiveCfg = Release|ARM64
		{B11D750F-CD1F-4A96-85CE-E69A5C5259F9}.Release|ARM64.Build.0 = Release|ARM64
		{B11D750F-CD1F-4A96-85CE-E69A5C5259F9}.Release|x64.ActiveCfg = Release|x64
		{B11D750F-CD1F-4A96-85CE-E69A5C5259F9}.Release|x64.Build.0 = Release|x64
		{B11D750F-CD1F-4A96-85CE-E69A5C5259F9}.Release|x86.ActiveCfg = Release|Win32
		{B11D750F-CD1F-4A96-85CE-E69A5C5259F9}.Release|x86.Build.0 = Release|Win32
		{B11D750F-CD1F-4A96-85CE-E69A5C5259F9}.RelWithDebInfo|ARM.ActiveCfg = Release|ARM
		{B11D750F-CD1F-4A96-85CE-E69A5C5259F9}.RelWithDebInfo|ARM.Build.0 = Release|ARM
		{B11D750F-CD1F-4A96-85CE-E69A5C5259F9}.RelWithDebInfo|ARM64.ActiveCfg = Release|ARM64
		{B11D750F-CD1F-4A96-85CE-E69A5C5259F9}.RelWithDebInfo|ARM64.Build.0 = Release|ARM64
		{B11D750F-CD1F-4A96-85CE-E69A5C5259F9}.RelWithDebInfo|x64.ActiveCfg = Release|x64
		{B11D750F-CD1F-4A96-85CE-E69A5C5259F9}.RelWithDebInfo|x64.Build.0 = Release|x64
		{B11D750F-CD1F-4A96-85CE-E69A5C5259F9}.RelWithDebInfo|x86.ActiveCfg = Release|Win32
		{B11D750F-CD1F-4A96-85CE-E69A5C5259F9}.RelWithDebInfo|x86.Build.0 = Release|Win32
		{AA7844C4-D3A8-4BF7-A21B-944B41A1622A}.Debug|ARM.ActiveCfg = Debug|x64
		{AA7844C4-D3A8-4BF7-A21B-944B41A1622A}.Debug|ARM.Build.0 = Debug|x64
		{AA7844C4-D3A8-4BF7-A21B-944B41A1622A}.Debug|ARM64.ActiveCfg = Debug|x64
		{AA7844C4-D3A8-4BF7-A21B-944B41A1622A}.Debug|ARM64.Build.0 = Debug|x64
		{AA7844C4-D3A8-4BF7-A21B-944B41A1622A}.Debug|x64.ActiveCfg = Debug|x64
		{AA7844C4-D3A8-4BF7-A21B-944B41A1622A}.Debug|x64.Build.0 = Debug|x64
		{AA7844C4-D3A8-4BF7-A21B-944B41A1622A}.Debug|x86.ActiveCfg = Debug|Win32
		{AA7844C4-D3A8-4BF7-A21B-944B41A1622A}.Debug|x86.Build.0 = Debug|Win32
		{AA7844C4-D3A8-4BF7-A21B-944B41A1622A}.MinSizeRel|ARM.ActiveCfg = Debug|x64
		{AA7844C4-D3A8-4BF7-A21B-944B41A1622A}.MinSizeRel|ARM.Build.0 = Debug|x64
		{AA7844C4-D3A8-4BF7-A21B-944B41A1622A}.MinSizeRel|ARM64.ActiveCfg = Debug|x64
		{AA7844C4-D3A8-4BF7-A21B-944B41A1622A}.MinSizeRel|ARM64.Build.0 = Debug|x64
		{AA7844C4-D3A8-4BF7-A21B-944B41A1622A}.MinSizeRel|x64.ActiveCfg = Debug|x64
		{AA7844C4-D3A8-4BF7-A21B-944B41A1622A}.MinSizeRel|x64.Build.0 = Debug|x64
		{AA7844C4-D3A8-4BF7-A21B-944B41A1622A}.MinSizeRel|x86.ActiveCfg = Debug|Win32
		{AA7844C4-D3A8-4BF7-A21B-944B41A1622A}.MinSizeRel|x86.Build.0 = Debug|Win32
		{AA7844C4-D3A8-4BF7-A21B-944B41A1622A}.PGInstrument|ARM.ActiveCfg = Debug|x64
		{AA7844C4-D3A8-4BF7-A21B-944B41A1622A}.PGInstrument|ARM.Build.0 = Debug|x64
		{AA7844C4-D3A8-4BF7-A21B-944B41A1622A}.PGInstrument|ARM64.ActiveCfg = Debug|x64
		{AA7844C4-D3A8-4BF7-A21B-944B41A1622A}.PGInstrument|ARM64.Build.0 = Debug|x64
		{AA7844C4-D3A8-4BF7-A21B-944B41A1622A}.PGInstrument|x64.ActiveCfg = Debug|x64
		{AA7844C4-D3A8-4BF7-A21B-944B41A1622A}.PGInstrument|x64.Build.0 = Debug|x64
		{AA7844C4-D3A8-4BF7-A21B-944B41A1622A}.PGInstrument|x86.ActiveCfg = Debug|Win32
		{AA7844C4-D3A8-4BF7-A21B-944B41A1622A}.PGInstrument|x86.Build.0 = Debug|Win32
		{AA7844C4-D3A8-4BF7-A21B-944B41A1622A}.PGUpdate|ARM.ActiveCfg = Debug|x64
		{AA7844C4-D3A8-4BF7-A21B-944B41A1622A}.PGUpdate|ARM.Build.0 = Debug|x64
		{AA7844C4-D3A8-4BF7-A21B-944B41A1622A}.PGUpdate|ARM64.ActiveCfg = Debug|x64
		{AA7844C4-D3A8-4BF7-A21B-944B41A1622A}.PGUpdate|ARM64.Build.0 = Debug|x64
		{AA7844C4-D3A8-4BF7-A21B-944B41A1622A}.PGUpdate|x64.ActiveCfg = Debug|x64
		{AA7844C4-D3A8-4BF7-A21B-944B41A1622A}.PGUpdate|x64.Build.0 = Debug|x64
		{AA7844C4-D3A8-4BF7-A21B-944B41A1622A}.PGUpdate|x86.ActiveCfg = Debug|Win32
		{AA7844C4-D3A8-4BF7-A21B-944B41A1622A}.PGUpdate|x86.Build.0 = Debug|Win32
		{AA7844C4-D3A8-4BF7-A21B-944B41A1622A}.Release|ARM.ActiveCfg = Release|x64
		{AA7844C4-D3A8-4BF7-A21B-944B41A1622A}.Release|ARM.Build.0 = Release|x64
		{AA7844C4-D3A8-4BF7-A21B-944B41A1622A}.Release|ARM64.ActiveCfg = Release|x64
		{AA7844C4-D3A8-4BF7-A21B-944B41A1622A}.Release|ARM64.Build.0 = Release|x64
		{AA7844C4-D3A8-4BF7-A21B-944B41A1622A}.Release|x64.ActiveCfg = Release|x64
		{AA7844C4-D3A8-4BF7-A21B-944B41A1622A}.Release|x64.Build.0 = Release|x64
		{AA7844C4-D3A8-4BF7-A21B-944B41A1622A}.Release|x86.ActiveCfg = Release|Win32
		{AA7844C4-D3A8-4BF7-A21B-944B41A1622A}.Release|x86.Build.0 = Release|Win32
		{AA7844C4-D3A8-4BF7-A21B-944B41A1622A}.RelWithDebInfo|ARM.ActiveCfg = Release|x64
		{AA7844C4-D3A8-4BF7-A21B-944B41A1622A}.RelWithDebInfo|ARM.Build.0 = Release|x64
		{AA7844C4-D3A8-4BF7-A21B-944B41A1622A}.RelWithDebInfo|ARM64.ActiveCfg = Release|x64
		{AA7844C4-D3A8-4BF7-A21B-944B41A1622A}.RelWithDebInfo|ARM64.Build.0 = Release|x64
		{AA7844C4-D3A8-4BF7-A21B-944B41A1622A}.RelWithDebInfo|x64.ActiveCfg = Release|x64
		{AA7844C4-D3A8-4BF7-A21B-944B41A1622A}.RelWithDebInfo|x64.Build.0 = Release|x64
		{AA7844C4-D3A8-4BF7-A21B-944B41A1622A}.RelWithDebInfo|x86.ActiveCfg = Release|Win32
		{AA7844C4-D3A8-4BF7-A21B-944B41A1622A}.RelWithDebInfo|x86.Build.0 = Release|Win32
	EndGlobalSection
	GlobalSection(SolutionProperties) = preSolution
		HideSolutionNode = FALSE
	EndGlobalSection
	GlobalSection(NestedProjects) = preSolution
		{B0E3A37D-FAEC-4E20-9FED-1DF3728419A7} = {507E6B8F-9CA2-4573-8FC6-356AB3527DEF}
		{0B88ACEC-C920-488D-9925-107CFD2CC263} = {507E6B8F-9CA2-4573-8FC6-356AB3527DEF}
		{5EEF66B4-4A24-4748-8A00-807140BE8C57} = {507E6B8F-9CA2-4573-8FC6-356AB3527DEF}
		{FE46CDEE-9F31-3213-9381-689FDFA4F881} = {507E6B8F-9CA2-4573-8FC6-356AB3527DEF}
		{82356F33-956B-4931-9977-BD7994B1C761} = {507E6B8F-9CA2-4573-8FC6-356AB3527DEF}
		{CF7AC3D1-E2DF-41D2-BEA6-1E2556CDEA26} = {248FA8E2-DF65-4FE3-9533-9244E046D46F}
		{7E6565F8-DBD5-43D7-B682-E6D4E5A70844} = {507E6B8F-9CA2-4573-8FC6-356AB3527DEF}
		{18BF13D3-85D3-43A5-8C96-E52EB0672F72} = {248FA8E2-DF65-4FE3-9533-9244E046D46F}
		{B11D750F-CD1F-4A96-85CE-E69A5C5259F9} = {248FA8E2-DF65-4FE3-9533-9244E046D46F}
		{AA7844C4-D3A8-4BF7-A21B-944B41A1622A} = {9C809D22-14B1-415E-AAE7-F85521C7666B}
	EndGlobalSection
	GlobalSection(ExtensibilityGlobals) = postSolution
		SolutionGuid = {DE0D6499-9DAF-49DC-9516-E971E1EB599A}
	EndGlobalSection
EndGlobal
